// !$*UTF8*$!
{
	archiveVersion = 1;
	classes = {
	};
	objectVersion = 46;
	objects = {

/* Begin PBXBuildFile section */
		0COM2PP29RCCKVL5AAT1S3HV /* KuriViewControllerImpl.swift in Sources */ = {isa = PBXBuildFile; fileRef = 0QXFKYRJ1NJ4PNPN2O1C4HGH /* KuriViewControllerImpl.swift */; };
		2VP2EFYNOON8TL24ZA105JSV /* KuriModel.swift in Sources */ = {isa = PBXBuildFile; fileRef = 3KUTZ5RQOSXUK5DVRJE5HW3E /* KuriModel.swift */; };
		72H2NMWLS708YAFWN1KECV0W /* KuriPresenterImpl.swift in Sources */ = {isa = PBXBuildFile; fileRef = A6J8ZRKDUY0LQ9NUBRKCUNJO /* KuriPresenterImpl.swift */; };
		8IBHZDCZUVMBZ3ARYYUZ01E7 /* KuriRepository.swift in Sources */ = {isa = PBXBuildFile; fileRef = Z3B659RKUW2J2QGMZRX6V6TZ /* KuriRepository.swift */; };
		9C64AD9E1E0D749300CC3E85 /* AppDelegate.swift in Sources */ = {isa = PBXBuildFile; fileRef = 9C64AD9D1E0D749300CC3E85 /* AppDelegate.swift */; };
		9C64ADA01E0D749300CC3E85 /* ViewController.swift in Sources */ = {isa = PBXBuildFile; fileRef = 9C64AD9F1E0D749300CC3E85 /* ViewController.swift */; };
		9C64ADA31E0D749300CC3E85 /* Main.storyboard in Resources */ = {isa = PBXBuildFile; fileRef = 9C64ADA11E0D749300CC3E85 /* Main.storyboard */; };
		9C64ADA51E0D749300CC3E85 /* Assets.xcassets in Resources */ = {isa = PBXBuildFile; fileRef = 9C64ADA41E0D749300CC3E85 /* Assets.xcassets */; };
		9C64ADA81E0D749300CC3E85 /* LaunchScreen.storyboard in Resources */ = {isa = PBXBuildFile; fileRef = 9C64ADA61E0D749300CC3E85 /* LaunchScreen.storyboard */; };
		9C64ADB31E0D749300CC3E85 /* KuriDemoTests.swift in Sources */ = {isa = PBXBuildFile; fileRef = 9C64ADB21E0D749300CC3E85 /* KuriDemoTests.swift */; };
		9C64ADBE1E0D749300CC3E85 /* KuriDemoUITests.swift in Sources */ = {isa = PBXBuildFile; fileRef = 9C64ADBD1E0D749300CC3E85 /* KuriDemoUITests.swift */; };
		BTCKBPUG89VS69VYDP0BP18E /* KuriDataStore.swift in Sources */ = {isa = PBXBuildFile; fileRef = M1PPX00F27T5IT3ZQCGL56HM /* KuriDataStore.swift */; };
		BVGJLI3NEY7VD821SH3B1YMZ /* KuriPresenter.swift in Sources */ = {isa = PBXBuildFile; fileRef = FEW7NP7MI74K655MM5V4CPUT /* KuriPresenter.swift */; };
		BVIXGHSNISAYDMCAUMP2L0A4 /* KuriTranslatorImpl.swift in Sources */ = {isa = PBXBuildFile; fileRef = 0RIH8Q1KUT2FGBLQ80NXBKEV /* KuriTranslatorImpl.swift */; };
		D7KWBH0YYHG5A9I4TFEKNK80 /* KuriDataStoreImpl.swift in Sources */ = {isa = PBXBuildFile; fileRef = 9PC88HGDO6QRGTU6BDO29FLR /* KuriDataStoreImpl.swift */; };
		I5ZGOU8IC8ZRNLSTDE41R4PX /* KuriBuilder.swift in Sources */ = {isa = PBXBuildFile; fileRef = O2C4W0251REVQ0HCWXO8CBW5 /* KuriBuilder.swift */; };
		J3LY46EZAEJNUJYOZ85SQR86 /* KuriUseCaseImpl.swift in Sources */ = {isa = PBXBuildFile; fileRef = WWO06VPWFGAMNTQPWQICHO0W /* KuriUseCaseImpl.swift */; };
		J9UVZH2EDP4WJV6O2YFKX0ZA /* KuriEntity.swift in Sources */ = {isa = PBXBuildFile; fileRef = G91QYURE7KZ2CLFYUVUCNNJ4 /* KuriEntity.swift */; };
		JQ132LFJPU042GU9AYPUX2AO /* KuriWireframe.swift in Sources */ = {isa = PBXBuildFile; fileRef = SFPHQR7BMK02AKDGIAF6JWVX /* KuriWireframe.swift */; };
		PFIBJT7R7ZCXZW0CZR2SCZOX /* KuriEntityImpl.swift in Sources */ = {isa = PBXBuildFile; fileRef = IPUPVYR3K34HTJ2IPXZYQ50V /* KuriEntityImpl.swift */; };
		PSV71T3HPFDD9PYOTK8YQE79 /* KuriViewController.swift in Sources */ = {isa = PBXBuildFile; fileRef = QTDMR0M6RK4YXHERRBRCQ8NY /* KuriViewController.swift */; };
		QJMIW10C6RW81PAFUQGAUD07 /* KuriBuilderImpl.swift in Sources */ = {isa = PBXBuildFile; fileRef = 29AGYXZ609ZRZC82X9IWTG2F /* KuriBuilderImpl.swift */; };
		SPUCZ2F1Z255FLDSDI9PR3ZF /* KuriTranslator.swift in Sources */ = {isa = PBXBuildFile; fileRef = MLH50TJ3RL4QVRF4VX016QPY /* KuriTranslator.swift */; };
		U2IJ6WCBIL1BUSUQTWIA2UBQ /* KuriWireframeImpl.swift in Sources */ = {isa = PBXBuildFile; fileRef = UP12T46AURLXTGSDM8IUB93J /* KuriWireframeImpl.swift */; };
		WQKH7O918LRJAVN30Q3K1A4M /* KuriRepositoryImpl.swift in Sources */ = {isa = PBXBuildFile; fileRef = MWJPS8RSAULUH75VXWYLIMWS /* KuriRepositoryImpl.swift */; };
		XMYH5JGRDIG2W3FDAN4QLCKW /* KuriUseCase.swift in Sources */ = {isa = PBXBuildFile; fileRef = USX4ITMW4EAGXZQAT4WC27GS /* KuriUseCase.swift */; };
		YIT7AGYD0WPN7Y0MH2KPE9B8 /* KuriModelImpl.swift in Sources */ = {isa = PBXBuildFile; fileRef = OT3MDMZTVL87ZQ9AJ5OKMULI /* KuriModelImpl.swift */; };
/* End PBXBuildFile section */

/* Begin PBXContainerItemProxy section */
		9C64ADAF1E0D749300CC3E85 /* PBXContainerItemProxy */ = {
			isa = PBXContainerItemProxy;
			containerPortal = 9C64AD921E0D749300CC3E85 /* Project object */;
			proxyType = 1;
			remoteGlobalIDString = 9C64AD991E0D749300CC3E85;
			remoteInfo = KuriDemo;
		};
		9C64ADBA1E0D749300CC3E85 /* PBXContainerItemProxy */ = {
			isa = PBXContainerItemProxy;
			containerPortal = 9C64AD921E0D749300CC3E85 /* Project object */;
			proxyType = 1;
			remoteGlobalIDString = 9C64AD991E0D749300CC3E85;
			remoteInfo = KuriDemo;
		};
/* End PBXContainerItemProxy section */

/* Begin PBXFileReference section */
		0QXFKYRJ1NJ4PNPN2O1C4HGH /* KuriViewControllerImpl.swift */ = {isa = PBXFileReference; fileEncoding = 4; lastKnownFileType = sourcecode.swift; path = KuriViewControllerImpl.swift; sourceTree = "<group>"; };
		0RIH8Q1KUT2FGBLQ80NXBKEV /* KuriTranslatorImpl.swift */ = {isa = PBXFileReference; fileEncoding = 4; lastKnownFileType = sourcecode.swift; path = KuriTranslatorImpl.swift; sourceTree = "<group>"; };
		29AGYXZ609ZRZC82X9IWTG2F /* KuriBuilderImpl.swift */ = {isa = PBXFileReference; fileEncoding = 4; lastKnownFileType = sourcecode.swift; path = KuriBuilderImpl.swift; sourceTree = "<group>"; };
		3KUTZ5RQOSXUK5DVRJE5HW3E /* KuriModel.swift */ = {isa = PBXFileReference; fileEncoding = 4; lastKnownFileType = sourcecode.swift; path = KuriModel.swift; sourceTree = "<group>"; };
		9C64AD9A1E0D749300CC3E85 /* KuriDemo.app */ = {isa = PBXFileReference; explicitFileType = wrapper.application; includeInIndex = 0; path = KuriDemo.app; sourceTree = BUILT_PRODUCTS_DIR; };
		9C64AD9D1E0D749300CC3E85 /* AppDelegate.swift */ = {isa = PBXFileReference; lastKnownFileType = sourcecode.swift; path = AppDelegate.swift; sourceTree = "<group>"; };
		9C64AD9F1E0D749300CC3E85 /* ViewController.swift */ = {isa = PBXFileReference; lastKnownFileType = sourcecode.swift; path = ViewController.swift; sourceTree = "<group>"; };
		9C64ADA21E0D749300CC3E85 /* Base */ = {isa = PBXFileReference; lastKnownFileType = file.storyboard; name = Base; path = Base.lproj/Main.storyboard; sourceTree = "<group>"; };
		9C64ADA41E0D749300CC3E85 /* Assets.xcassets */ = {isa = PBXFileReference; lastKnownFileType = folder.assetcatalog; path = Assets.xcassets; sourceTree = "<group>"; };
		9C64ADA71E0D749300CC3E85 /* Base */ = {isa = PBXFileReference; lastKnownFileType = file.storyboard; name = Base; path = Base.lproj/LaunchScreen.storyboard; sourceTree = "<group>"; };
		9C64ADA91E0D749300CC3E85 /* Info.plist */ = {isa = PBXFileReference; lastKnownFileType = text.plist.xml; path = Info.plist; sourceTree = "<group>"; };
		9C64ADAE1E0D749300CC3E85 /* KuriDemoTests.xctest */ = {isa = PBXFileReference; explicitFileType = wrapper.cfbundle; includeInIndex = 0; path = KuriDemoTests.xctest; sourceTree = BUILT_PRODUCTS_DIR; };
		9C64ADB21E0D749300CC3E85 /* KuriDemoTests.swift */ = {isa = PBXFileReference; lastKnownFileType = sourcecode.swift; path = KuriDemoTests.swift; sourceTree = "<group>"; };
		9C64ADB41E0D749300CC3E85 /* Info.plist */ = {isa = PBXFileReference; lastKnownFileType = text.plist.xml; path = Info.plist; sourceTree = "<group>"; };
		9C64ADB91E0D749300CC3E85 /* KuriDemoUITests.xctest */ = {isa = PBXFileReference; explicitFileType = wrapper.cfbundle; includeInIndex = 0; path = KuriDemoUITests.xctest; sourceTree = BUILT_PRODUCTS_DIR; };
		9C64ADBD1E0D749300CC3E85 /* KuriDemoUITests.swift */ = {isa = PBXFileReference; lastKnownFileType = sourcecode.swift; path = KuriDemoUITests.swift; sourceTree = "<group>"; };
		9C64ADBF1E0D749300CC3E85 /* Info.plist */ = {isa = PBXFileReference; lastKnownFileType = text.plist.xml; path = Info.plist; sourceTree = "<group>"; };
		9PC88HGDO6QRGTU6BDO29FLR /* KuriDataStoreImpl.swift */ = {isa = PBXFileReference; fileEncoding = 4; lastKnownFileType = sourcecode.swift; path = KuriDataStoreImpl.swift; sourceTree = "<group>"; };
		A6J8ZRKDUY0LQ9NUBRKCUNJO /* KuriPresenterImpl.swift */ = {isa = PBXFileReference; fileEncoding = 4; lastKnownFileType = sourcecode.swift; path = KuriPresenterImpl.swift; sourceTree = "<group>"; };
		FEW7NP7MI74K655MM5V4CPUT /* KuriPresenter.swift */ = {isa = PBXFileReference; fileEncoding = 4; lastKnownFileType = sourcecode.swift; path = KuriPresenter.swift; sourceTree = "<group>"; };
		G91QYURE7KZ2CLFYUVUCNNJ4 /* KuriEntity.swift */ = {isa = PBXFileReference; fileEncoding = 4; lastKnownFileType = sourcecode.swift; path = KuriEntity.swift; sourceTree = "<group>"; };
		IPUPVYR3K34HTJ2IPXZYQ50V /* KuriEntityImpl.swift */ = {isa = PBXFileReference; fileEncoding = 4; lastKnownFileType = sourcecode.swift; path = KuriEntityImpl.swift; sourceTree = "<group>"; };
		M1PPX00F27T5IT3ZQCGL56HM /* KuriDataStore.swift */ = {isa = PBXFileReference; fileEncoding = 4; lastKnownFileType = sourcecode.swift; path = KuriDataStore.swift; sourceTree = "<group>"; };
		MLH50TJ3RL4QVRF4VX016QPY /* KuriTranslator.swift */ = {isa = PBXFileReference; fileEncoding = 4; lastKnownFileType = sourcecode.swift; path = KuriTranslator.swift; sourceTree = "<group>"; };
		MWJPS8RSAULUH75VXWYLIMWS /* KuriRepositoryImpl.swift */ = {isa = PBXFileReference; fileEncoding = 4; lastKnownFileType = sourcecode.swift; path = KuriRepositoryImpl.swift; sourceTree = "<group>"; };
		O2C4W0251REVQ0HCWXO8CBW5 /* KuriBuilder.swift */ = {isa = PBXFileReference; fileEncoding = 4; lastKnownFileType = sourcecode.swift; path = KuriBuilder.swift; sourceTree = "<group>"; };
		OT3MDMZTVL87ZQ9AJ5OKMULI /* KuriModelImpl.swift */ = {isa = PBXFileReference; fileEncoding = 4; lastKnownFileType = sourcecode.swift; path = KuriModelImpl.swift; sourceTree = "<group>"; };
		QTDMR0M6RK4YXHERRBRCQ8NY /* KuriViewController.swift */ = {isa = PBXFileReference; fileEncoding = 4; lastKnownFileType = sourcecode.swift; path = KuriViewController.swift; sourceTree = "<group>"; };
		SFPHQR7BMK02AKDGIAF6JWVX /* KuriWireframe.swift */ = {isa = PBXFileReference; fileEncoding = 4; lastKnownFileType = sourcecode.swift; path = KuriWireframe.swift; sourceTree = "<group>"; };
		UP12T46AURLXTGSDM8IUB93J /* KuriWireframeImpl.swift */ = {isa = PBXFileReference; fileEncoding = 4; lastKnownFileType = sourcecode.swift; path = KuriWireframeImpl.swift; sourceTree = "<group>"; };
		USX4ITMW4EAGXZQAT4WC27GS /* KuriUseCase.swift */ = {isa = PBXFileReference; fileEncoding = 4; lastKnownFileType = sourcecode.swift; path = KuriUseCase.swift; sourceTree = "<group>"; };
		WWO06VPWFGAMNTQPWQICHO0W /* KuriUseCaseImpl.swift */ = {isa = PBXFileReference; fileEncoding = 4; lastKnownFileType = sourcecode.swift; path = KuriUseCaseImpl.swift; sourceTree = "<group>"; };
		Z3B659RKUW2J2QGMZRX6V6TZ /* KuriRepository.swift */ = {isa = PBXFileReference; fileEncoding = 4; lastKnownFileType = sourcecode.swift; path = KuriRepository.swift; sourceTree = "<group>"; };
/* End PBXFileReference section */

/* Begin PBXFrameworksBuildPhase section */
		9C64AD971E0D749300CC3E85 /* Frameworks */ = {
			isa = PBXFrameworksBuildPhase;
			buildActionMask = 2147483647;
			files = (
			);
			runOnlyForDeploymentPostprocessing = 0;
		};
		9C64ADAB1E0D749300CC3E85 /* Frameworks */ = {
			isa = PBXFrameworksBuildPhase;
			buildActionMask = 2147483647;
			files = (
			);
			runOnlyForDeploymentPostprocessing = 0;
		};
		9C64ADB61E0D749300CC3E85 /* Frameworks */ = {
			isa = PBXFrameworksBuildPhase;
			buildActionMask = 2147483647;
			files = (
			);
			runOnlyForDeploymentPostprocessing = 0;
		};
/* End PBXFrameworksBuildPhase section */

/* Begin PBXGroup section */
		579IU7LF40P22C2HYCQ4B4MN /* DataStore */ = {
			isa = PBXGroup;
			children = (
				M1PPX00F27T5IT3ZQCGL56HM /* KuriDataStore.swift */,
				9PC88HGDO6QRGTU6BDO29FLR /* KuriDataStoreImpl.swift */,
			);
			path = DataStore;
			sourceTree = "<group>";
		};
		9C64AD911E0D749300CC3E85 = {
			isa = PBXGroup;
			children = (
				9C64AD9C1E0D749300CC3E85 /* KuriDemo */,
				9C64ADB11E0D749300CC3E85 /* KuriDemoTests */,
				9C64ADBC1E0D749300CC3E85 /* KuriDemoUITests */,
				9C64AD9B1E0D749300CC3E85 /* Products */,
			);
			sourceTree = "<group>";
		};
		9C64AD9B1E0D749300CC3E85 /* Products */ = {
			isa = PBXGroup;
			children = (
				9C64AD9A1E0D749300CC3E85 /* KuriDemo.app */,
				9C64ADAE1E0D749300CC3E85 /* KuriDemoTests.xctest */,
				9C64ADB91E0D749300CC3E85 /* KuriDemoUITests.xctest */,
			);
			name = Products;
			sourceTree = "<group>";
		};
		9C64AD9C1E0D749300CC3E85 /* KuriDemo */ = {
			isa = PBXGroup;
			children = (
				9C64AD9D1E0D749300CC3E85 /* AppDelegate.swift */,
				9C64AD9F1E0D749300CC3E85 /* ViewController.swift */,
				9C64ADA11E0D749300CC3E85 /* Main.storyboard */,
				9C64ADA41E0D749300CC3E85 /* Assets.xcassets */,
				9C64ADA61E0D749300CC3E85 /* LaunchScreen.storyboard */,
				9C64ADA91E0D749300CC3E85 /* Info.plist */,
				X4DFOBIVGGTEV3WEQRKGLVNE /* Kuri */,
			);
			path = KuriDemo;
			sourceTree = "<group>";
		};
		9C64ADB11E0D749300CC3E85 /* KuriDemoTests */ = {
			isa = PBXGroup;
			children = (
				9C64ADB21E0D749300CC3E85 /* KuriDemoTests.swift */,
				9C64ADB41E0D749300CC3E85 /* Info.plist */,
			);
			path = KuriDemoTests;
			sourceTree = "<group>";
		};
		9C64ADBC1E0D749300CC3E85 /* KuriDemoUITests */ = {
			isa = PBXGroup;
			children = (
				9C64ADBD1E0D749300CC3E85 /* KuriDemoUITests.swift */,
				9C64ADBF1E0D749300CC3E85 /* Info.plist */,
			);
			path = KuriDemoUITests;
			sourceTree = "<group>";
		};
		GU66NJNGEV302XCJKXV6U1UI /* Repository */ = {
			isa = PBXGroup;
			children = (
				Z3B659RKUW2J2QGMZRX6V6TZ /* KuriRepository.swift */,
				MWJPS8RSAULUH75VXWYLIMWS /* KuriRepositoryImpl.swift */,
			);
			path = Repository;
			sourceTree = "<group>";
		};
		IIP6Y0LU4RHHVTHUKQ1GUBY5 /* Translator */ = {
			isa = PBXGroup;
			children = (
				MLH50TJ3RL4QVRF4VX016QPY /* KuriTranslator.swift */,
				0RIH8Q1KUT2FGBLQ80NXBKEV /* KuriTranslatorImpl.swift */,
			);
			path = Translator;
			sourceTree = "<group>";
		};
		JFLP0BQ6P8U1GL9OL6OWKFF4 /* Model */ = {
			isa = PBXGroup;
			children = (
				3KUTZ5RQOSXUK5DVRJE5HW3E /* KuriModel.swift */,
				OT3MDMZTVL87ZQ9AJ5OKMULI /* KuriModelImpl.swift */,
			);
			path = Model;
			sourceTree = "<group>";
		};
		OMMFV769PALRDZUEEDDV4LWW /* Builder */ = {
			isa = PBXGroup;
			children = (
				O2C4W0251REVQ0HCWXO8CBW5 /* KuriBuilder.swift */,
				29AGYXZ609ZRZC82X9IWTG2F /* KuriBuilderImpl.swift */,
			);
			path = Builder;
			sourceTree = "<group>";
		};
		OZYM1AFKJ8ASNBUWEBJUDRZJ /* View */ = {
			isa = PBXGroup;
			children = (
				QTDMR0M6RK4YXHERRBRCQ8NY /* KuriViewController.swift */,
				0QXFKYRJ1NJ4PNPN2O1C4HGH /* KuriViewControllerImpl.swift */,
			);
			path = View;
			sourceTree = "<group>";
		};
		S1MHJDAI3PBJU7SBT7WHBXZG /* Wireframe */ = {
			isa = PBXGroup;
			children = (
				SFPHQR7BMK02AKDGIAF6JWVX /* KuriWireframe.swift */,
				UP12T46AURLXTGSDM8IUB93J /* KuriWireframeImpl.swift */,
			);
			path = Wireframe;
			sourceTree = "<group>";
		};
		WP225AIYLQQ6IQCEB5ZAB9GQ /* Entity */ = {
			isa = PBXGroup;
			children = (
				G91QYURE7KZ2CLFYUVUCNNJ4 /* KuriEntity.swift */,
				IPUPVYR3K34HTJ2IPXZYQ50V /* KuriEntityImpl.swift */,
			);
			path = Entity;
			sourceTree = "<group>";
		};
		X4DFOBIVGGTEV3WEQRKGLVNE /* Kuri */ = {
			isa = PBXGroup;
			children = (
				WP225AIYLQQ6IQCEB5ZAB9GQ /* Entity */,
				579IU7LF40P22C2HYCQ4B4MN /* DataStore */,
				GU66NJNGEV302XCJKXV6U1UI /* Repository */,
				XU0J2IOOEDFTD2RP9Q1EAF06 /* UseCase */,
				IIP6Y0LU4RHHVTHUKQ1GUBY5 /* Translator */,
				JFLP0BQ6P8U1GL9OL6OWKFF4 /* Model */,
				YOAOO4BUUBRXHDD0MQX1I52K /* Presenter */,
				OZYM1AFKJ8ASNBUWEBJUDRZJ /* View */,
				S1MHJDAI3PBJU7SBT7WHBXZG /* Wireframe */,
				OMMFV769PALRDZUEEDDV4LWW /* Builder */,
			);
			path = Kuri;
			sourceTree = "<group>";
		};
		XU0J2IOOEDFTD2RP9Q1EAF06 /* UseCase */ = {
			isa = PBXGroup;
			children = (
				USX4ITMW4EAGXZQAT4WC27GS /* KuriUseCase.swift */,
				WWO06VPWFGAMNTQPWQICHO0W /* KuriUseCaseImpl.swift */,
			);
			path = UseCase;
			sourceTree = "<group>";
		};
		YOAOO4BUUBRXHDD0MQX1I52K /* Presenter */ = {
			isa = PBXGroup;
			children = (
				FEW7NP7MI74K655MM5V4CPUT /* KuriPresenter.swift */,
				A6J8ZRKDUY0LQ9NUBRKCUNJO /* KuriPresenterImpl.swift */,
			);
			path = Presenter;
			sourceTree = "<group>";
		};
/* End PBXGroup section */

/* Begin PBXNativeTarget section */
		9C64AD991E0D749300CC3E85 /* KuriDemo */ = {
			isa = PBXNativeTarget;
			buildConfigurationList = 9C64ADC21E0D749300CC3E85 /* Build configuration list for PBXNativeTarget "KuriDemo" */;
			buildPhases = (
				9C64AD961E0D749300CC3E85 /* Sources */,
				9C64AD971E0D749300CC3E85 /* Frameworks */,
				9C64AD981E0D749300CC3E85 /* Resources */,
			);
			buildRules = (
			);
			dependencies = (
			);
			name = KuriDemo;
			productName = KuriDemo;
			productReference = 9C64AD9A1E0D749300CC3E85 /* KuriDemo.app */;
			productType = "com.apple.product-type.application";
		};
		9C64ADAD1E0D749300CC3E85 /* KuriDemoTests */ = {
			isa = PBXNativeTarget;
			buildConfigurationList = 9C64ADC51E0D749300CC3E85 /* Build configuration list for PBXNativeTarget "KuriDemoTests" */;
			buildPhases = (
				9C64ADAA1E0D749300CC3E85 /* Sources */,
				9C64ADAB1E0D749300CC3E85 /* Frameworks */,
				9C64ADAC1E0D749300CC3E85 /* Resources */,
			);
			buildRules = (
			);
			dependencies = (
				9C64ADB01E0D749300CC3E85 /* PBXTargetDependency */,
			);
			name = KuriDemoTests;
			productName = KuriDemoTests;
			productReference = 9C64ADAE1E0D749300CC3E85 /* KuriDemoTests.xctest */;
			productType = "com.apple.product-type.bundle.unit-test";
		};
		9C64ADB81E0D749300CC3E85 /* KuriDemoUITests */ = {
			isa = PBXNativeTarget;
			buildConfigurationList = 9C64ADC81E0D749300CC3E85 /* Build configuration list for PBXNativeTarget "KuriDemoUITests" */;
			buildPhases = (
				9C64ADB51E0D749300CC3E85 /* Sources */,
				9C64ADB61E0D749300CC3E85 /* Frameworks */,
				9C64ADB71E0D749300CC3E85 /* Resources */,
			);
			buildRules = (
			);
			dependencies = (
				9C64ADBB1E0D749300CC3E85 /* PBXTargetDependency */,
			);
			name = KuriDemoUITests;
			productName = KuriDemoUITests;
			productReference = 9C64ADB91E0D749300CC3E85 /* KuriDemoUITests.xctest */;
			productType = "com.apple.product-type.bundle.ui-testing";
		};
/* End PBXNativeTarget section */

/* Begin PBXProject section */
		9C64AD921E0D749300CC3E85 /* Project object */ = {
			isa = PBXProject;
			attributes = {
				LastSwiftUpdateCheck = 0810;
				LastUpgradeCheck = 0810;
				ORGANIZATIONNAME = kingkong999yhirose;
				TargetAttributes = {
					9C64AD991E0D749300CC3E85 = {
						CreatedOnToolsVersion = 8.1;
						ProvisioningStyle = Automatic;
					};
					9C64ADAD1E0D749300CC3E85 = {
						CreatedOnToolsVersion = 8.1;
						ProvisioningStyle = Automatic;
						TestTargetID = 9C64AD991E0D749300CC3E85;
					};
					9C64ADB81E0D749300CC3E85 = {
						CreatedOnToolsVersion = 8.1;
						ProvisioningStyle = Automatic;
						TestTargetID = 9C64AD991E0D749300CC3E85;
					};
				};
			};
			buildConfigurationList = 9C64AD951E0D749300CC3E85 /* Build configuration list for PBXProject "KuriDemo" */;
			compatibilityVersion = "Xcode 3.2";
			developmentRegion = English;
			hasScannedForEncodings = 0;
			knownRegions = (
				en,
				Base,
			);
			mainGroup = 9C64AD911E0D749300CC3E85;
			productRefGroup = 9C64AD9B1E0D749300CC3E85 /* Products */;
			projectDirPath = "";
			projectRoot = "";
			targets = (
				9C64AD991E0D749300CC3E85 /* KuriDemo */,
				9C64ADAD1E0D749300CC3E85 /* KuriDemoTests */,
				9C64ADB81E0D749300CC3E85 /* KuriDemoUITests */,
			);
		};
/* End PBXProject section */

/* Begin PBXResourcesBuildPhase section */
		9C64AD981E0D749300CC3E85 /* Resources */ = {
			isa = PBXResourcesBuildPhase;
			buildActionMask = 2147483647;
			files = (
				9C64ADA81E0D749300CC3E85 /* LaunchScreen.storyboard in Resources */,
				9C64ADA51E0D749300CC3E85 /* Assets.xcassets in Resources */,
				9C64ADA31E0D749300CC3E85 /* Main.storyboard in Resources */,
			);
			runOnlyForDeploymentPostprocessing = 0;
		};
		9C64ADAC1E0D749300CC3E85 /* Resources */ = {
			isa = PBXResourcesBuildPhase;
			buildActionMask = 2147483647;
			files = (
			);
			runOnlyForDeploymentPostprocessing = 0;
		};
		9C64ADB71E0D749300CC3E85 /* Resources */ = {
			isa = PBXResourcesBuildPhase;
			buildActionMask = 2147483647;
			files = (
			);
			runOnlyForDeploymentPostprocessing = 0;
		};
/* End PBXResourcesBuildPhase section */

/* Begin PBXSourcesBuildPhase section */
		9C64AD961E0D749300CC3E85 /* Sources */ = {
			isa = PBXSourcesBuildPhase;
			buildActionMask = 2147483647;
			files = (
				9C64ADA01E0D749300CC3E85 /* ViewController.swift in Sources */,
				9C64AD9E1E0D749300CC3E85 /* AppDelegate.swift in Sources */,
				J9UVZH2EDP4WJV6O2YFKX0ZA /* KuriEntity.swift in Sources */,
				PFIBJT7R7ZCXZW0CZR2SCZOX /* KuriEntityImpl.swift in Sources */,
				BTCKBPUG89VS69VYDP0BP18E /* KuriDataStore.swift in Sources */,
				D7KWBH0YYHG5A9I4TFEKNK80 /* KuriDataStoreImpl.swift in Sources */,
				8IBHZDCZUVMBZ3ARYYUZ01E7 /* KuriRepository.swift in Sources */,
				WQKH7O918LRJAVN30Q3K1A4M /* KuriRepositoryImpl.swift in Sources */,
				XMYH5JGRDIG2W3FDAN4QLCKW /* KuriUseCase.swift in Sources */,
				J3LY46EZAEJNUJYOZ85SQR86 /* KuriUseCaseImpl.swift in Sources */,
				SPUCZ2F1Z255FLDSDI9PR3ZF /* KuriTranslator.swift in Sources */,
				BVIXGHSNISAYDMCAUMP2L0A4 /* KuriTranslatorImpl.swift in Sources */,
				2VP2EFYNOON8TL24ZA105JSV /* KuriModel.swift in Sources */,
				YIT7AGYD0WPN7Y0MH2KPE9B8 /* KuriModelImpl.swift in Sources */,
				BVGJLI3NEY7VD821SH3B1YMZ /* KuriPresenter.swift in Sources */,
				72H2NMWLS708YAFWN1KECV0W /* KuriPresenterImpl.swift in Sources */,
				PSV71T3HPFDD9PYOTK8YQE79 /* KuriViewController.swift in Sources */,
				0COM2PP29RCCKVL5AAT1S3HV /* KuriViewControllerImpl.swift in Sources */,
				JQ132LFJPU042GU9AYPUX2AO /* KuriWireframe.swift in Sources */,
				U2IJ6WCBIL1BUSUQTWIA2UBQ /* KuriWireframeImpl.swift in Sources */,
				I5ZGOU8IC8ZRNLSTDE41R4PX /* KuriBuilder.swift in Sources */,
				QJMIW10C6RW81PAFUQGAUD07 /* KuriBuilderImpl.swift in Sources */,
			);
			runOnlyForDeploymentPostprocessing = 0;
		};
		9C64ADAA1E0D749300CC3E85 /* Sources */ = {
			isa = PBXSourcesBuildPhase;
			buildActionMask = 2147483647;
			files = (
				9C64ADB31E0D749300CC3E85 /* KuriDemoTests.swift in Sources */,
			);
			runOnlyForDeploymentPostprocessing = 0;
		};
		9C64ADB51E0D749300CC3E85 /* Sources */ = {
			isa = PBXSourcesBuildPhase;
			buildActionMask = 2147483647;
			files = (
				9C64ADBE1E0D749300CC3E85 /* KuriDemoUITests.swift in Sources */,
			);
			runOnlyForDeploymentPostprocessing = 0;
		};
/* End PBXSourcesBuildPhase section */

/* Begin PBXTargetDependency section */
		9C64ADB01E0D749300CC3E85 /* PBXTargetDependency */ = {
			isa = PBXTargetDependency;
			target = 9C64AD991E0D749300CC3E85 /* KuriDemo */;
			targetProxy = 9C64ADAF1E0D749300CC3E85 /* PBXContainerItemProxy */;
		};
		9C64ADBB1E0D749300CC3E85 /* PBXTargetDependency */ = {
			isa = PBXTargetDependency;
			target = 9C64AD991E0D749300CC3E85 /* KuriDemo */;
			targetProxy = 9C64ADBA1E0D749300CC3E85 /* PBXContainerItemProxy */;
		};
/* End PBXTargetDependency section */

/* Begin PBXVariantGroup section */
		9C64ADA11E0D749300CC3E85 /* Main.storyboard */ = {
			isa = PBXVariantGroup;
			children = (
				9C64ADA21E0D749300CC3E85 /* Base */,
			);
			name = Main.storyboard;
			sourceTree = "<group>";
		};
		9C64ADA61E0D749300CC3E85 /* LaunchScreen.storyboard */ = {
			isa = PBXVariantGroup;
			children = (
				9C64ADA71E0D749300CC3E85 /* Base */,
			);
			name = LaunchScreen.storyboard;
			sourceTree = "<group>";
		};
/* End PBXVariantGroup section */

/* Begin XCBuildConfiguration section */
		9C64ADC01E0D749300CC3E85 /* Debug */ = {
			isa = XCBuildConfiguration;
			buildSettings = {
				ALWAYS_SEARCH_USER_PATHS = NO;
				CLANG_ANALYZER_NONNULL = YES;
				CLANG_CXX_LANGUAGE_STANDARD = "gnu++0x";
				CLANG_CXX_LIBRARY = "libc++";
				CLANG_ENABLE_MODULES = YES;
				CLANG_ENABLE_OBJC_ARC = YES;
				CLANG_WARN_BOOL_CONVERSION = YES;
				CLANG_WARN_CONSTANT_CONVERSION = YES;
				CLANG_WARN_DIRECT_OBJC_ISA_USAGE = YES_ERROR;
				CLANG_WARN_DOCUMENTATION_COMMENTS = YES;
				CLANG_WARN_EMPTY_BODY = YES;
				CLANG_WARN_ENUM_CONVERSION = YES;
				CLANG_WARN_INFINITE_RECURSION = YES;
				CLANG_WARN_INT_CONVERSION = YES;
				CLANG_WARN_OBJC_ROOT_CLASS = YES_ERROR;
				CLANG_WARN_SUSPICIOUS_MOVES = YES;
				CLANG_WARN_UNREACHABLE_CODE = YES;
				CLANG_WARN__DUPLICATE_METHOD_MATCH = YES;
				"CODE_SIGN_IDENTITY[sdk=iphoneos*]" = "iPhone Developer";
				COPY_PHASE_STRIP = NO;
				DEBUG_INFORMATION_FORMAT = dwarf;
				ENABLE_STRICT_OBJC_MSGSEND = YES;
				ENABLE_TESTABILITY = YES;
				GCC_C_LANGUAGE_STANDARD = gnu99;
				GCC_DYNAMIC_NO_PIC = NO;
				GCC_NO_COMMON_BLOCKS = YES;
				GCC_OPTIMIZATION_LEVEL = 0;
				GCC_PREPROCESSOR_DEFINITIONS = (
					"DEBUG=1",
					"$(inherited)",
				);
				GCC_WARN_64_TO_32_BIT_CONVERSION = YES;
				GCC_WARN_ABOUT_RETURN_TYPE = YES_ERROR;
				GCC_WARN_UNDECLARED_SELECTOR = YES;
				GCC_WARN_UNINITIALIZED_AUTOS = YES_AGGRESSIVE;
				GCC_WARN_UNUSED_FUNCTION = YES;
				GCC_WARN_UNUSED_VARIABLE = YES;
				IPHONEOS_DEPLOYMENT_TARGET = 10.1;
				MTL_ENABLE_DEBUG_INFO = YES;
				ONLY_ACTIVE_ARCH = YES;
				SDKROOT = iphoneos;
				SWIFT_ACTIVE_COMPILATION_CONDITIONS = DEBUG;
				SWIFT_OPTIMIZATION_LEVEL = "-Onone";
			};
			name = Debug;
		};
		9C64ADC11E0D749300CC3E85 /* Release */ = {
			isa = XCBuildConfiguration;
			buildSettings = {
				ALWAYS_SEARCH_USER_PATHS = NO;
				CLANG_ANALYZER_NONNULL = YES;
				CLANG_CXX_LANGUAGE_STANDARD = "gnu++0x";
				CLANG_CXX_LIBRARY = "libc++";
				CLANG_ENABLE_MODULES = YES;
				CLANG_ENABLE_OBJC_ARC = YES;
				CLANG_WARN_BOOL_CONVERSION = YES;
				CLANG_WARN_CONSTANT_CONVERSION = YES;
				CLANG_WARN_DIRECT_OBJC_ISA_USAGE = YES_ERROR;
				CLANG_WARN_DOCUMENTATION_COMMENTS = YES;
				CLANG_WARN_EMPTY_BODY = YES;
				CLANG_WARN_ENUM_CONVERSION = YES;
				CLANG_WARN_INFINITE_RECURSION = YES;
				CLANG_WARN_INT_CONVERSION = YES;
				CLANG_WARN_OBJC_ROOT_CLASS = YES_ERROR;
				CLANG_WARN_SUSPICIOUS_MOVES = YES;
				CLANG_WARN_UNREACHABLE_CODE = YES;
				CLANG_WARN__DUPLICATE_METHOD_MATCH = YES;
				"CODE_SIGN_IDENTITY[sdk=iphoneos*]" = "iPhone Developer";
				COPY_PHASE_STRIP = NO;
				DEBUG_INFORMATION_FORMAT = "dwarf-with-dsym";
				ENABLE_NS_ASSERTIONS = NO;
				ENABLE_STRICT_OBJC_MSGSEND = YES;
				GCC_C_LANGUAGE_STANDARD = gnu99;
				GCC_NO_COMMON_BLOCKS = YES;
				GCC_WARN_64_TO_32_BIT_CONVERSION = YES;
				GCC_WARN_ABOUT_RETURN_TYPE = YES_ERROR;
				GCC_WARN_UNDECLARED_SELECTOR = YES;
				GCC_WARN_UNINITIALIZED_AUTOS = YES_AGGRESSIVE;
				GCC_WARN_UNUSED_FUNCTION = YES;
				GCC_WARN_UNUSED_VARIABLE = YES;
				IPHONEOS_DEPLOYMENT_TARGET = 10.1;
				MTL_ENABLE_DEBUG_INFO = NO;
				SDKROOT = iphoneos;
				SWIFT_OPTIMIZATION_LEVEL = "-Owholemodule";
				VALIDATE_PRODUCT = YES;
			};
			name = Release;
		};
		9C64ADC31E0D749300CC3E85 /* Debug */ = {
			isa = XCBuildConfiguration;
			buildSettings = {
				ASSETCATALOG_COMPILER_APPICON_NAME = AppIcon;
				INFOPLIST_FILE = KuriDemo/Info.plist;
				LD_RUNPATH_SEARCH_PATHS = "$(inherited) @executable_path/Frameworks";
				PRODUCT_BUNDLE_IDENTIFIER = com.sample.KuriDemo;
				PRODUCT_NAME = "$(TARGET_NAME)";
				SWIFT_VERSION = 3.0;
			};
			name = Debug;
		};
		9C64ADC41E0D749300CC3E85 /* Release */ = {
			isa = XCBuildConfiguration;
			buildSettings = {
				ASSETCATALOG_COMPILER_APPICON_NAME = AppIcon;
				INFOPLIST_FILE = KuriDemo/Info.plist;
				LD_RUNPATH_SEARCH_PATHS = "$(inherited) @executable_path/Frameworks";
				PRODUCT_BUNDLE_IDENTIFIER = com.sample.KuriDemo;
				PRODUCT_NAME = "$(TARGET_NAME)";
				SWIFT_VERSION = 3.0;
			};
			name = Release;
		};
		9C64ADC61E0D749300CC3E85 /* Debug */ = {
			isa = XCBuildConfiguration;
			buildSettings = {
				ALWAYS_EMBED_SWIFT_STANDARD_LIBRARIES = YES;
				BUNDLE_LOADER = "$(TEST_HOST)";
				INFOPLIST_FILE = KuriDemoTests/Info.plist;
				LD_RUNPATH_SEARCH_PATHS = "$(inherited) @executable_path/Frameworks @loader_path/Frameworks";
				PRODUCT_BUNDLE_IDENTIFIER = com.sample.KuriDemoTests;
				PRODUCT_NAME = "$(TARGET_NAME)";
				SWIFT_VERSION = 3.0;
				TEST_HOST = "$(BUILT_PRODUCTS_DIR)/KuriDemo.app/KuriDemo";
			};
			name = Debug;
		};
		9C64ADC71E0D749300CC3E85 /* Release */ = {
			isa = XCBuildConfiguration;
			buildSettings = {
				ALWAYS_EMBED_SWIFT_STANDARD_LIBRARIES = YES;
				BUNDLE_LOADER = "$(TEST_HOST)";
				INFOPLIST_FILE = KuriDemoTests/Info.plist;
				LD_RUNPATH_SEARCH_PATHS = "$(inherited) @executable_path/Frameworks @loader_path/Frameworks";
				PRODUCT_BUNDLE_IDENTIFIER = com.sample.KuriDemoTests;
				PRODUCT_NAME = "$(TARGET_NAME)";
				SWIFT_VERSION = 3.0;
				TEST_HOST = "$(BUILT_PRODUCTS_DIR)/KuriDemo.app/KuriDemo";
			};
			name = Release;
		};
		9C64ADC91E0D749300CC3E85 /* Debug */ = {
			isa = XCBuildConfiguration;
			buildSettings = {
				ALWAYS_EMBED_SWIFT_STANDARD_LIBRARIES = YES;
				INFOPLIST_FILE = KuriDemoUITests/Info.plist;
				LD_RUNPATH_SEARCH_PATHS = "$(inherited) @executable_path/Frameworks @loader_path/Frameworks";
				PRODUCT_BUNDLE_IDENTIFIER = com.sample.KuriDemoUITests;
				PRODUCT_NAME = "$(TARGET_NAME)";
				SWIFT_VERSION = 3.0;
				TEST_TARGET_NAME = KuriDemo;
			};
			name = Debug;
		};
		9C64ADCA1E0D749300CC3E85 /* Release */ = {
			isa = XCBuildConfiguration;
			buildSettings = {
				ALWAYS_EMBED_SWIFT_STANDARD_LIBRARIES = YES;
				INFOPLIST_FILE = KuriDemoUITests/Info.plist;
				LD_RUNPATH_SEARCH_PATHS = "$(inherited) @executable_path/Frameworks @loader_path/Frameworks";
				PRODUCT_BUNDLE_IDENTIFIER = com.sample.KuriDemoUITests;
				PRODUCT_NAME = "$(TARGET_NAME)";
				SWIFT_VERSION = 3.0;
				TEST_TARGET_NAME = KuriDemo;
			};
			name = Release;
		};
/* End XCBuildConfiguration section */

/* Begin XCConfigurationList section */
		9C64AD951E0D749300CC3E85 /* Build configuration list for PBXProject "KuriDemo" */ = {
			isa = XCConfigurationList;
			buildConfigurations = (
				9C64ADC01E0D749300CC3E85 /* Debug */,
				9C64ADC11E0D749300CC3E85 /* Release */,
			);
			defaultConfigurationIsVisible = 0;
			defaultConfigurationName = Release;
		};
		9C64ADC21E0D749300CC3E85 /* Build configuration list for PBXNativeTarget "KuriDemo" */ = {
			isa = XCConfigurationList;
			buildConfigurations = (
				9C64ADC31E0D749300CC3E85 /* Debug */,
				9C64ADC41E0D749300CC3E85 /* Release */,
			);
			defaultConfigurationIsVisible = 0;
			defaultConfigurationName = Release;
		};
		9C64ADC51E0D749300CC3E85 /* Build configuration list for PBXNativeTarget "KuriDemoTests" */ = {
			isa = XCConfigurationList;
			buildConfigurations = (
				9C64ADC61E0D749300CC3E85 /* Debug */,
				9C64ADC71E0D749300CC3E85 /* Release */,
			);
			defaultConfigurationIsVisible = 0;
			defaultConfigurationName = Release;
		};
		9C64ADC81E0D749300CC3E85 /* Build configuration list for PBXNativeTarget "KuriDemoUITests" */ = {
			isa = XCConfigurationList;
			buildConfigurations = (
				9C64ADC91E0D749300CC3E85 /* Debug */,
				9C64ADCA1E0D749300CC3E85 /* Release */,
			);
			defaultConfigurationIsVisible = 0;
			defaultConfigurationName = Release;
		};
/* End XCConfigurationList section */
	};
	rootObject = 9C64AD921E0D749300CC3E85 /* Project object */;
}
